
Microsoft Visual Studio Solution File, Format Version 12.00
# Visual Studio Version 17
VisualStudioVersion = 17.14.36518.9 d17.14
MinimumVisualStudioVersion = 10.0.40219.1
Project("{FAE04EC0-301F-11D3-BF4B-00C04F79EFBC}") = "Tasky.Api", "Tasky.Api\Tasky.Api.csproj", "{3A39CC8C-6D61-4E55-BDFE-C8538C470A2B}"
EndProject
Project("{FAE04EC0-301F-11D3-BF4B-00C04F79EFBC}") = "Tasky.Domain", "Tasky.Domain\Tasky.Domain.csproj", "{92DAA1CB-5DB4-469E-9FBC-FB87AF63CC19}"
EndProject
Project("{FAE04EC0-301F-11D3-BF4B-00C04F79EFBC}") = "Tasky.Application", "Tasky.Application\Tasky.Application.csproj", "{1581A2C9-4BF0-4C8E-94F3-0CBE6100881A}"
EndProject
Project("{FAE04EC0-301F-11D3-BF4B-00C04F79EFBC}") = "Tasky.Infrastructure", "Tasky.Infrastructure\Tasky.Infrastructure.csproj", "{8367D3D4-C64B-43F6-9CA2-67535EA64648}"
EndProject
Global
	GlobalSection(SolutionProperties) = preSolution
		HideSolutionNode = FALSE
	EndGlobalSection
	GlobalSection(ExtensibilityGlobals) = postSolution
		SolutionGuid = {52EDA86C-ADFF-460D-A4BA-2CB1E68541C4}
	EndGlobalSection
	GlobalSection(SolutionConfigurationPlatforms) = preSolution
		Debug|Any CPU = Debug|Any CPU
		Debug|x64 = Debug|x64
		Debug|x86 = Debug|x86
		Release|Any CPU = Release|Any CPU
		Release|x64 = Release|x64
		Release|x86 = Release|x86
	EndGlobalSection
	GlobalSection(ProjectConfigurationPlatforms) = postSolution
		{3A39CC8C-6D61-4E55-BDFE-C8538C470A2B}.Debug|Any CPU.ActiveCfg = Debug|Any CPU
		{3A39CC8C-6D61-4E55-BDFE-C8538C470A2B}.Debug|Any CPU.Build.0 = Debug|Any CPU
		{3A39CC8C-6D61-4E55-BDFE-C8538C470A2B}.Debug|x64.ActiveCfg = Debug|Any CPU
		{3A39CC8C-6D61-4E55-BDFE-C8538C470A2B}.Debug|x64.Build.0 = Debug|Any CPU
		{3A39CC8C-6D61-4E55-BDFE-C8538C470A2B}.Debug|x86.ActiveCfg = Debug|Any CPU
		{3A39CC8C-6D61-4E55-BDFE-C8538C470A2B}.Debug|x86.Build.0 = Debug|Any CPU
		{3A39CC8C-6D61-4E55-BDFE-C8538C470A2B}.Release|Any CPU.ActiveCfg = Release|Any CPU
		{3A39CC8C-6D61-4E55-BDFE-C8538C470A2B}.Release|Any CPU.Build.0 = Release|Any CPU
		{3A39CC8C-6D61-4E55-BDFE-C8538C470A2B}.Release|x64.ActiveCfg = Release|Any CPU
		{3A39CC8C-6D61-4E55-BDFE-C8538C470A2B}.Release|x64.Build.0 = Release|Any CPU
		{3A39CC8C-6D61-4E55-BDFE-C8538C470A2B}.Release|x86.ActiveCfg = Release|Any CPU
		{3A39CC8C-6D61-4E55-BDFE-C8538C470A2B}.Release|x86.Build.0 = Release|Any CPU
		{92DAA1CB-5DB4-469E-9FBC-FB87AF63CC19}.Debug|Any CPU.ActiveCfg = Debug|Any CPU
		{92DAA1CB-5DB4-469E-9FBC-FB87AF63CC19}.Debug|Any CPU.Build.0 = Debug|Any CPU
		{92DAA1CB-5DB4-469E-9FBC-FB87AF63CC19}.Debug|x64.ActiveCfg = Debug|Any CPU
		{92DAA1CB-5DB4-469E-9FBC-FB87AF63CC19}.Debug|x64.Build.0 = Debug|Any CPU
		{92DAA1CB-5DB4-469E-9FBC-FB87AF63CC19}.Debug|x86.ActiveCfg = Debug|Any CPU
		{92DAA1CB-5DB4-469E-9FBC-FB87AF63CC19}.Debug|x86.Build.0 = Debug|Any CPU
		{92DAA1CB-5DB4-469E-9FBC-FB87AF63CC19}.Release|Any CPU.ActiveCfg = Release|Any CPU
		{92DAA1CB-5DB4-469E-9FBC-FB87AF63CC19}.Release|Any CPU.Build.0 = Release|Any CPU
		{92DAA1CB-5DB4-469E-9FBC-FB87AF63CC19}.Release|x64.ActiveCfg = Release|Any CPU
		{92DAA1CB-5DB4-469E-9FBC-FB87AF63CC19}.Release|x64.Build.0 = Release|Any CPU
		{92DAA1CB-5DB4-469E-9FBC-FB87AF63CC19}.Release|x86.ActiveCfg = Release|Any CPU
		{92DAA1CB-5DB4-469E-9FBC-FB87AF63CC19}.Release|x86.Build.0 = Release|Any CPU
		{1581A2C9-4BF0-4C8E-94F3-0CBE6100881A}.Debug|Any CPU.ActiveCfg = Debug|Any CPU
		{1581A2C9-4BF0-4C8E-94F3-0CBE6100881A}.Debug|Any CPU.Build.0 = Debug|Any CPU
		{1581A2C9-4BF0-4C8E-94F3-0CBE6100881A}.Debug|x64.ActiveCfg = Debug|Any CPU
		{1581A2C9-4BF0-4C8E-94F3-0CBE6100881A}.Debug|x64.Build.0 = Debug|Any CPU
		{1581A2C9-4BF0-4C8E-94F3-0CBE6100881A}.Debug|x86.ActiveCfg = Debug|Any CPU
		{1581A2C9-4BF0-4C8E-94F3-0CBE6100881A}.Debug|x86.Build.0 = Debug|Any CPU
		{1581A2C9-4BF0-4C8E-94F3-0CBE6100881A}.Release|Any CPU.ActiveCfg = Release|Any CPU
		{1581A2C9-4BF0-4C8E-94F3-0CBE6100881A}.Release|Any CPU.Build.0 = Release|Any CPU
		{1581A2C9-4BF0-4C8E-94F3-0CBE6100881A}.Release|x64.ActiveCfg = Release|Any CPU
		{1581A2C9-4BF0-4C8E-94F3-0CBE6100881A}.Release|x64.Build.0 = Release|Any CPU
		{1581A2C9-4BF0-4C8E-94F3-0CBE6100881A}.Release|x86.ActiveCfg = Release|Any CPU
		{1581A2C9-4BF0-4C8E-94F3-0CBE6100881A}.Release|x86.Build.0 = Release|Any CPU
		{8367D3D4-C64B-43F6-9CA2-67535EA64648}.Debug|Any CPU.ActiveCfg = Debug|Any CPU
		{8367D3D4-C64B-43F6-9CA2-67535EA64648}.Debug|Any CPU.Build.0 = Debug|Any CPU
		{8367D3D4-C64B-43F6-9CA2-67535EA64648}.Debug|x64.ActiveCfg = Debug|Any CPU
		{8367D3D4-C64B-43F6-9CA2-67535EA64648}.Debug|x64.Build.0 = Debug|Any CPU
		{8367D3D4-C64B-43F6-9CA2-67535EA64648}.Debug|x86.ActiveCfg = Debug|Any CPU
		{8367D3D4-C64B-43F6-9CA2-67535EA64648}.Debug|x86.Build.0 = Debug|Any CPU
		{8367D3D4-C64B-43F6-9CA2-67535EA64648}.Release|Any CPU.ActiveCfg = Release|Any CPU
		{8367D3D4-C64B-43F6-9CA2-67535EA64648}.Release|Any CPU.Build.0 = Release|Any CPU
		{8367D3D4-C64B-43F6-9CA2-67535EA64648}.Release|x64.ActiveCfg = Release|Any CPU
		{8367D3D4-C64B-43F6-9CA2-67535EA64648}.Release|x64.Build.0 = Release|Any CPU
		{8367D3D4-C64B-43F6-9CA2-67535EA64648}.Release|x86.ActiveCfg = Release|Any CPU
		{8367D3D4-C64B-43F6-9CA2-67535EA64648}.Release|x86.Build.0 = Release|Any CPU
	EndGlobalSection
EndGlobal
